
Microsoft Visual Studio Solution File, Format Version 12.00
# Visual Studio Version 17
VisualStudioVersion = 17.14.36414.22 d17.14
MinimumVisualStudioVersion = 10.0.40219.1
Project("{FAE04EC0-301F-11D3-BF4B-00C04F79EFBC}") = "DailyReportAssignment", "DailyReportAssignment\DailyReportAssignment.csproj", "{B709BAC1-F440-4FF3-9A72-F65F22B35142}"
EndProject
Global
	GlobalSection(SolutionConfigurationPlatforms) = preSolution
		Debug|Any CPU = Debug|Any CPU
		Release|Any CPU = Release|Any CPU
	EndGlobalSection
	GlobalSection(ProjectConfigurationPlatforms) = postSolution
		{B709BAC1-F440-4FF3-9A72-F65F22B35142}.Debug|Any CPU.ActiveCfg = Debug|Any CPU
		{B709BAC1-F440-4FF3-9A72-F65F22B35142}.Debug|Any CPU.Build.0 = Debug|Any CPU
		{B709BAC1-F440-4FF3-9A72-F65F22B35142}.Release|Any CPU.ActiveCfg = Release|Any CPU
		{B709BAC1-F440-4FF3-9A72-F65F22B35142}.Release|Any CPU.Build.0 = Release|Any CPU
	EndGlobalSection
	GlobalSection(SolutionProperties) = preSolution
		HideSolutionNode = FALSE
	EndGlobalSection
	GlobalSection(ExtensibilityGlobals) = postSolution
		SolutionGuid = {A5D36512-5E25-4049-9421-0622F42F624F}
	EndGlobalSection
EndGlobal
